
Microsoft Visual Studio Solution File, Format Version 12.00
# Visual Studio Version 17
VisualStudioVersion = 17.4.33213.308
MinimumVisualStudioVersion = 10.0.40219.1
Project("{9A19103F-16F7-4668-BE54-9A1E7A4F7556}") = "WebServer", "WebServer.csproj", "{A0219401-95B4-4EA7-9380-A3B75AE1D627}"
EndProject
Project("{9A19103F-16F7-4668-BE54-9A1E7A4F7556}") = "WebServer2", "..\server-side2\WebServer2.csproj", "{80EAE423-DE04-48D9-B8AC-A8AE37AE3E6F}"
EndProject
Project("{9A19103F-16F7-4668-BE54-9A1E7A4F7556}") = "WebServer3", "..\general-server\WebServer3.csproj", "{16119107-AF08-46CC-9EDC-D41A2BD0EC7D}"
EndProject
Global
	GlobalSection(SolutionConfigurationPlatforms) = preSolution
		Debug|Any CPU = Debug|Any CPU
		Release|Any CPU = Release|Any CPU
	EndGlobalSection
	GlobalSection(ProjectConfigurationPlatforms) = postSolution
		{A0219401-95B4-4EA7-9380-A3B75AE1D627}.Debug|Any CPU.ActiveCfg = Debug|Any CPU
		{A0219401-95B4-4EA7-9380-A3B75AE1D627}.Debug|Any CPU.Build.0 = Debug|Any CPU
		{A0219401-95B4-4EA7-9380-A3B75AE1D627}.Release|Any CPU.ActiveCfg = Release|Any CPU
		{A0219401-95B4-4EA7-9380-A3B75AE1D627}.Release|Any CPU.Build.0 = Release|Any CPU
		{80EAE423-DE04-48D9-B8AC-A8AE37AE3E6F}.Debug|Any CPU.ActiveCfg = Debug|Any CPU
		{80EAE423-DE04-48D9-B8AC-A8AE37AE3E6F}.Debug|Any CPU.Build.0 = Debug|Any CPU
		{80EAE423-DE04-48D9-B8AC-A8AE37AE3E6F}.Release|Any CPU.ActiveCfg = Release|Any CPU
		{80EAE423-DE04-48D9-B8AC-A8AE37AE3E6F}.Release|Any CPU.Build.0 = Release|Any CPU
		{16119107-AF08-46CC-9EDC-D41A2BD0EC7D}.Debug|Any CPU.ActiveCfg = Debug|Any CPU
		{16119107-AF08-46CC-9EDC-D41A2BD0EC7D}.Debug|Any CPU.Build.0 = Debug|Any CPU
		{16119107-AF08-46CC-9EDC-D41A2BD0EC7D}.Release|Any CPU.ActiveCfg = Release|Any CPU
		{16119107-AF08-46CC-9EDC-D41A2BD0EC7D}.Release|Any CPU.Build.0 = Release|Any CPU
	EndGlobalSection
	GlobalSection(SolutionProperties) = preSolution
		HideSolutionNode = FALSE
	EndGlobalSection
	GlobalSection(ExtensibilityGlobals) = postSolution
		SolutionGuid = {A4012266-B715-4791-B0F8-5B81D243C263}
	EndGlobalSection
EndGlobal
